// !$*UTF8*$!
{
	archiveVersion = 1;
	classes = {
	};
	objectVersion = 46;
	objects = {

/* Begin PBXBuildFile section */
		ACF391ED1D76C33E00FE1110 /* main.m in Sources */ = {isa = PBXBuildFile; fileRef = ACF391EC1D76C33E00FE1110 /* main.m */; };
		ACF391F01D76C33E00FE1110 /* AppDelegate.m in Sources */ = {isa = PBXBuildFile; fileRef = ACF391EF1D76C33E00FE1110 /* AppDelegate.m */; };
		ACF391F31D76C33E00FE1110 /* ViewController.m in Sources */ = {isa = PBXBuildFile; fileRef = ACF391F21D76C33E00FE1110 /* ViewController.m */; };
		ACF391F61D76C33E00FE1110 /* Main.storyboard in Resources */ = {isa = PBXBuildFile; fileRef = ACF391F41D76C33E00FE1110 /* Main.storyboard */; };
		ACF391F81D76C33E00FE1110 /* Assets.xcassets in Resources */ = {isa = PBXBuildFile; fileRef = ACF391F71D76C33E00FE1110 /* Assets.xcassets */; };
		ACF391FB1D76C33E00FE1110 /* LaunchScreen.storyboard in Resources */ = {isa = PBXBuildFile; fileRef = ACF391F91D76C33E00FE1110 /* LaunchScreen.storyboard */; };
		ACF392061D76C33E00FE1110 /* GPTextTests.m in Sources */ = {isa = PBXBuildFile; fileRef = ACF392051D76C33E00FE1110 /* GPTextTests.m */; };
		ACF392111D76C33E00FE1110 /* GPTextUITests.m in Sources */ = {isa = PBXBuildFile; fileRef = ACF392101D76C33E00FE1110 /* GPTextUITests.m */; };
		ACF392251D76C77600FE1110 /* GPAttributeViewController.m in Sources */ = {isa = PBXBuildFile; fileRef = ACF392241D76C77600FE1110 /* GPAttributeViewController.m */; };
		ACF3923A1D76E3C000FE1110 /* GPHeightViewController.m in Sources */ = {isa = PBXBuildFile; fileRef = ACF392391D76E3C000FE1110 /* GPHeightViewController.m */; };
		ACF3923C1D76E3CB00FE1110 /* GPHeightViewController.storyboard in Resources */ = {isa = PBXBuildFile; fileRef = ACF3923B1D76E3CB00FE1110 /* GPHeightViewController.storyboard */; };
		ACF3923E1D77BCCD00FE1110 /* GPAttributeViewController.storyboard in Resources */ = {isa = PBXBuildFile; fileRef = ACF3923D1D77BCCD00FE1110 /* GPAttributeViewController.storyboard */; };
		ACF392421D77C6EB00FE1110 /* GPAPPViewController.m in Sources */ = {isa = PBXBuildFile; fileRef = ACF392411D77C6EB00FE1110 /* GPAPPViewController.m */; };
/* End PBXBuildFile section */

/* Begin PBXContainerItemProxy section */
		ACF392021D76C33E00FE1110 /* PBXContainerItemProxy */ = {
			isa = PBXContainerItemProxy;
			containerPortal = ACF391E01D76C33E00FE1110 /* Project object */;
			proxyType = 1;
			remoteGlobalIDString = ACF391E71D76C33E00FE1110;
			remoteInfo = GPText;
		};
		ACF3920D1D76C33E00FE1110 /* PBXContainerItemProxy */ = {
			isa = PBXContainerItemProxy;
			containerPortal = ACF391E01D76C33E00FE1110 /* Project object */;
			proxyType = 1;
			remoteGlobalIDString = ACF391E71D76C33E00FE1110;
			remoteInfo = GPText;
		};
/* End PBXContainerItemProxy section */

/* Begin PBXFileReference section */
		ACF391E81D76C33E00FE1110 /* GPText.app */ = {isa = PBXFileReference; explicitFileType = wrapper.application; includeInIndex = 0; path = GPText.app; sourceTree = BUILT_PRODUCTS_DIR; };
		ACF391EC1D76C33E00FE1110 /* main.m */ = {isa = PBXFileReference; lastKnownFileType = sourcecode.c.objc; path = main.m; sourceTree = "<group>"; };
		ACF391EE1D76C33E00FE1110 /* AppDelegate.h */ = {isa = PBXFileReference; lastKnownFileType = sourcecode.c.h; path = AppDelegate.h; sourceTree = "<group>"; };
		ACF391EF1D76C33E00FE1110 /* AppDelegate.m */ = {isa = PBXFileReference; lastKnownFileType = sourcecode.c.objc; path = AppDelegate.m; sourceTree = "<group>"; };
		ACF391F11D76C33E00FE1110 /* ViewController.h */ = {isa = PBXFileReference; lastKnownFileType = sourcecode.c.h; path = ViewController.h; sourceTree = "<group>"; };
		ACF391F21D76C33E00FE1110 /* ViewController.m */ = {isa = PBXFileReference; lastKnownFileType = sourcecode.c.objc; path = ViewController.m; sourceTree = "<group>"; };
		ACF391F51D76C33E00FE1110 /* Base */ = {isa = PBXFileReference; lastKnownFileType = file.storyboard; name = Base; path = Base.lproj/Main.storyboard; sourceTree = "<group>"; };
		ACF391F71D76C33E00FE1110 /* Assets.xcassets */ = {isa = PBXFileReference; lastKnownFileType = folder.assetcatalog; path = Assets.xcassets; sourceTree = "<group>"; };
		ACF391FA1D76C33E00FE1110 /* Base */ = {isa = PBXFileReference; lastKnownFileType = file.storyboard; name = Base; path = Base.lproj/LaunchScreen.storyboard; sourceTree = "<group>"; };
		ACF391FC1D76C33E00FE1110 /* Info.plist */ = {isa = PBXFileReference; lastKnownFileType = text.plist.xml; path = Info.plist; sourceTree = "<group>"; };
		ACF392011D76C33E00FE1110 /* GPTextTests.xctest */ = {isa = PBXFileReference; explicitFileType = wrapper.cfbundle; includeInIndex = 0; path = GPTextTests.xctest; sourceTree = BUILT_PRODUCTS_DIR; };
		ACF392051D76C33E00FE1110 /* GPTextTests.m */ = {isa = PBXFileReference; lastKnownFileType = sourcecode.c.objc; path = GPTextTests.m; sourceTree = "<group>"; };
		ACF392071D76C33E00FE1110 /* Info.plist */ = {isa = PBXFileReference; lastKnownFileType = text.plist.xml; path = Info.plist; sourceTree = "<group>"; };
		ACF3920C1D76C33E00FE1110 /* GPTextUITests.xctest */ = {isa = PBXFileReference; explicitFileType = wrapper.cfbundle; includeInIndex = 0; path = GPTextUITests.xctest; sourceTree = BUILT_PRODUCTS_DIR; };
		ACF392101D76C33E00FE1110 /* GPTextUITests.m */ = {isa = PBXFileReference; lastKnownFileType = sourcecode.c.objc; path = GPTextUITests.m; sourceTree = "<group>"; };
		ACF392121D76C33E00FE1110 /* Info.plist */ = {isa = PBXFileReference; lastKnownFileType = text.plist.xml; path = Info.plist; sourceTree = "<group>"; };
		ACF392231D76C77600FE1110 /* GPAttributeViewController.h */ = {isa = PBXFileReference; fileEncoding = 4; lastKnownFileType = sourcecode.c.h; path = GPAttributeViewController.h; sourceTree = "<group>"; };
		ACF392241D76C77600FE1110 /* GPAttributeViewController.m */ = {isa = PBXFileReference; fileEncoding = 4; lastKnownFileType = sourcecode.c.objc; path = GPAttributeViewController.m; sourceTree = "<group>"; };
		ACF392381D76E3C000FE1110 /* GPHeightViewController.h */ = {isa = PBXFileReference; fileEncoding = 4; lastKnownFileType = sourcecode.c.h; path = GPHeightViewController.h; sourceTree = "<group>"; };
		ACF392391D76E3C000FE1110 /* GPHeightViewController.m */ = {isa = PBXFileReference; fileEncoding = 4; lastKnownFileType = sourcecode.c.objc; path = GPHeightViewController.m; sourceTree = "<group>"; };
		ACF3923B1D76E3CB00FE1110 /* GPHeightViewController.storyboard */ = {isa = PBXFileReference; fileEncoding = 4; lastKnownFileType = file.storyboard; path = GPHeightViewController.storyboard; sourceTree = "<group>"; };
		ACF3923D1D77BCCD00FE1110 /* GPAttributeViewController.storyboard */ = {isa = PBXFileReference; fileEncoding = 4; lastKnownFileType = file.storyboard; path = GPAttributeViewController.storyboard; sourceTree = "<group>"; };
		ACF392401D77C6EB00FE1110 /* GPAPPViewController.h */ = {isa = PBXFileReference; fileEncoding = 4; lastKnownFileType = sourcecode.c.h; path = GPAPPViewController.h; sourceTree = "<group>"; };
		ACF392411D77C6EB00FE1110 /* GPAPPViewController.m */ = {isa = PBXFileReference; fileEncoding = 4; lastKnownFileType = sourcecode.c.objc; path = GPAPPViewController.m; sourceTree = "<group>"; };
/* End PBXFileReference section */

/* Begin PBXFrameworksBuildPhase section */
		ACF391E51D76C33E00FE1110 /* Frameworks */ = {
			isa = PBXFrameworksBuildPhase;
			buildActionMask = 2147483647;
			files = (
			);
			runOnlyForDeploymentPostprocessing = 0;
		};
		ACF391FE1D76C33E00FE1110 /* Frameworks */ = {
			isa = PBXFrameworksBuildPhase;
			buildActionMask = 2147483647;
			files = (
			);
			runOnlyForDeploymentPostprocessing = 0;
		};
		ACF392091D76C33E00FE1110 /* Frameworks */ = {
			isa = PBXFrameworksBuildPhase;
			buildActionMask = 2147483647;
			files = (
			);
			runOnlyForDeploymentPostprocessing = 0;
		};
/* End PBXFrameworksBuildPhase section */

/* Begin PBXGroup section */
		ACF391DF1D76C33E00FE1110 = {
			isa = PBXGroup;
			children = (
				ACF391EA1D76C33E00FE1110 /* GPText */,
				ACF392041D76C33E00FE1110 /* GPTextTests */,
				ACF3920F1D76C33E00FE1110 /* GPTextUITests */,
				ACF391E91D76C33E00FE1110 /* Products */,
			);
			sourceTree = "<group>";
		};
		ACF391E91D76C33E00FE1110 /* Products */ = {
			isa = PBXGroup;
			children = (
				ACF391E81D76C33E00FE1110 /* GPText.app */,
				ACF392011D76C33E00FE1110 /* GPTextTests.xctest */,
				ACF3920C1D76C33E00FE1110 /* GPTextUITests.xctest */,
			);
			name = Products;
			sourceTree = "<group>";
		};
		ACF391EA1D76C33E00FE1110 /* GPText */ = {
			isa = PBXGroup;
			children = (
				ACF3921E1D76C73E00FE1110 /* Class */,
				ACF391EE1D76C33E00FE1110 /* AppDelegate.h */,
				ACF391EF1D76C33E00FE1110 /* AppDelegate.m */,
				ACF391F11D76C33E00FE1110 /* ViewController.h */,
				ACF391F21D76C33E00FE1110 /* ViewController.m */,
				ACF391F41D76C33E00FE1110 /* Main.storyboard */,
				ACF391F71D76C33E00FE1110 /* Assets.xcassets */,
				ACF391F91D76C33E00FE1110 /* LaunchScreen.storyboard */,
				ACF391FC1D76C33E00FE1110 /* Info.plist */,
				ACF391EB1D76C33E00FE1110 /* Supporting Files */,
			);
			path = GPText;
			sourceTree = "<group>";
		};
		ACF391EB1D76C33E00FE1110 /* Supporting Files */ = {
			isa = PBXGroup;
			children = (
				ACF391EC1D76C33E00FE1110 /* main.m */,
			);
			name = "Supporting Files";
			sourceTree = "<group>";
		};
		ACF392041D76C33E00FE1110 /* GPTextTests */ = {
			isa = PBXGroup;
			children = (
				ACF392051D76C33E00FE1110 /* GPTextTests.m */,
				ACF392071D76C33E00FE1110 /* Info.plist */,
			);
			path = GPTextTests;
			sourceTree = "<group>";
		};
		ACF3920F1D76C33E00FE1110 /* GPTextUITests */ = {
			isa = PBXGroup;
			children = (
				ACF392101D76C33E00FE1110 /* GPTextUITests.m */,
				ACF392121D76C33E00FE1110 /* Info.plist */,
			);
			path = GPTextUITests;
			sourceTree = "<group>";
		};
		ACF3921E1D76C73E00FE1110 /* Class */ = {
			isa = PBXGroup;
			children = (
				ACF392281D76D6B300FE1110 /* Blank */,
				ACF392301D76D6B300FE1110 /* Height */,
				ACF392341D76D6B300FE1110 /* Page */,
				ACF3921F1D76C73E00FE1110 /* NSAttribute */,
			);
			path = Class;
			sourceTree = "<group>";
		};
		ACF3921F1D76C73E00FE1110 /* NSAttribute */ = {
			isa = PBXGroup;
			children = (
				ACF392201D76C73E00FE1110 /* Controller */,
				ACF392211D76C73E00FE1110 /* Mode */,
				ACF392221D76C73E00FE1110 /* View */,
			);
			path = NSAttribute;
			sourceTree = "<group>";
		};
		ACF392201D76C73E00FE1110 /* Controller */ = {
			isa = PBXGroup;
			children = (
				ACF3923F1D77C6A700FE1110 /* AppController */,
				ACF392231D76C77600FE1110 /* GPAttributeViewController.h */,
				ACF392241D76C77600FE1110 /* GPAttributeViewController.m */,
				ACF3923D1D77BCCD00FE1110 /* GPAttributeViewController.storyboard */,
			);
			path = Controller;
			sourceTree = "<group>";
		};
		ACF392211D76C73E00FE1110 /* Mode */ = {
			isa = PBXGroup;
			children = (
			);
			path = Mode;
			sourceTree = "<group>";
		};
		ACF392221D76C73E00FE1110 /* View */ = {
			isa = PBXGroup;
			children = (
			);
			path = View;
			sourceTree = "<group>";
		};
		ACF392281D76D6B300FE1110 /* Blank */ = {
			isa = PBXGroup;
			children = (
				ACF392291D76D6B300FE1110 /* Controller */,
				ACF3922A1D76D6B300FE1110 /* Model */,
				ACF3922B1D76D6B300FE1110 /* View */,
			);
			path = Blank;
			sourceTree = "<group>";
		};
		ACF392291D76D6B300FE1110 /* Controller */ = {
			isa = PBXGroup;
			children = (
			);
			path = Controller;
			sourceTree = "<group>";
		};
		ACF3922A1D76D6B300FE1110 /* Model */ = {
			isa = PBXGroup;
			children = (
			);
			path = Model;
			sourceTree = "<group>";
		};
		ACF3922B1D76D6B300FE1110 /* View */ = {
			isa = PBXGroup;
			children = (
			);
			path = View;
			sourceTree = "<group>";
		};
		ACF392301D76D6B300FE1110 /* Height */ = {
			isa = PBXGroup;
			children = (
				ACF392311D76D6B300FE1110 /* Controller */,
				ACF392321D76D6B300FE1110 /* Model */,
				ACF392331D76D6B300FE1110 /* View */,
			);
			path = Height;
			sourceTree = "<group>";
		};
		ACF392311D76D6B300FE1110 /* Controller */ = {
			isa = PBXGroup;
			children = (
				ACF392381D76E3C000FE1110 /* GPHeightViewController.h */,
				ACF392391D76E3C000FE1110 /* GPHeightViewController.m */,
				ACF3923B1D76E3CB00FE1110 /* GPHeightViewController.storyboard */,
			);
			path = Controller;
			sourceTree = "<group>";
		};
		ACF392321D76D6B300FE1110 /* Model */ = {
			isa = PBXGroup;
			children = (
			);
			path = Model;
			sourceTree = "<group>";
		};
		ACF392331D76D6B300FE1110 /* View */ = {
			isa = PBXGroup;
			children = (
			);
			path = View;
			sourceTree = "<group>";
		};
		ACF392341D76D6B300FE1110 /* Page */ = {
			isa = PBXGroup;
			children = (
				ACF392351D76D6B300FE1110 /* Controller */,
				ACF392361D76D6B300FE1110 /* Model */,
				ACF392371D76D6B300FE1110 /* View */,
			);
			path = Page;
			sourceTree = "<group>";
		};
		ACF392351D76D6B300FE1110 /* Controller */ = {
			isa = PBXGroup;
			children = (
			);
			path = Controller;
			sourceTree = "<group>";
		};
		ACF392361D76D6B300FE1110 /* Model */ = {
			isa = PBXGroup;
			children = (
			);
			path = Model;
			sourceTree = "<group>";
		};
		ACF392371D76D6B300FE1110 /* View */ = {
			isa = PBXGroup;
			children = (
			);
			path = View;
			sourceTree = "<group>";
		};
		ACF3923F1D77C6A700FE1110 /* AppController */ = {
			isa = PBXGroup;
			children = (
				ACF392401D77C6EB00FE1110 /* GPAPPViewController.h */,
				ACF392411D77C6EB00FE1110 /* GPAPPViewController.m */,
			);
			name = AppController;
			sourceTree = "<group>";
		};
/* End PBXGroup section */

/* Begin PBXNativeTarget section */
		ACF391E71D76C33E00FE1110 /* GPText */ = {
			isa = PBXNativeTarget;
			buildConfigurationList = ACF392151D76C33E00FE1110 /* Build configuration list for PBXNativeTarget "GPText" */;
			buildPhases = (
				ACF391E41D76C33E00FE1110 /* Sources */,
				ACF391E51D76C33E00FE1110 /* Frameworks */,
				ACF391E61D76C33E00FE1110 /* Resources */,
			);
			buildRules = (
			);
			dependencies = (
			);
			name = GPText;
			productName = GPText;
			productReference = ACF391E81D76C33E00FE1110 /* GPText.app */;
			productType = "com.apple.product-type.application";
		};
		ACF392001D76C33E00FE1110 /* GPTextTests */ = {
			isa = PBXNativeTarget;
			buildConfigurationList = ACF392181D76C33E00FE1110 /* Build configuration list for PBXNativeTarget "GPTextTests" */;
			buildPhases = (
				ACF391FD1D76C33E00FE1110 /* Sources */,
				ACF391FE1D76C33E00FE1110 /* Frameworks */,
				ACF391FF1D76C33E00FE1110 /* Resources */,
			);
			buildRules = (
			);
			dependencies = (
				ACF392031D76C33E00FE1110 /* PBXTargetDependency */,
			);
			name = GPTextTests;
			productName = GPTextTests;
			productReference = ACF392011D76C33E00FE1110 /* GPTextTests.xctest */;
			productType = "com.apple.product-type.bundle.unit-test";
		};
		ACF3920B1D76C33E00FE1110 /* GPTextUITests */ = {
			isa = PBXNativeTarget;
			buildConfigurationList = ACF3921B1D76C33E00FE1110 /* Build configuration list for PBXNativeTarget "GPTextUITests" */;
			buildPhases = (
				ACF392081D76C33E00FE1110 /* Sources */,
				ACF392091D76C33E00FE1110 /* Frameworks */,
				ACF3920A1D76C33E00FE1110 /* Resources */,
			);
			buildRules = (
			);
			dependencies = (
				ACF3920E1D76C33E00FE1110 /* PBXTargetDependency */,
			);
			name = GPTextUITests;
			productName = GPTextUITests;
			productReference = ACF3920C1D76C33E00FE1110 /* GPTextUITests.xctest */;
			productType = "com.apple.product-type.bundle.ui-testing";
		};
/* End PBXNativeTarget section */

/* Begin PBXProject section */
		ACF391E01D76C33E00FE1110 /* Project object */ = {
			isa = PBXProject;
			attributes = {
				LastUpgradeCheck = 0720;
				ORGANIZATIONNAME = dandan;
				TargetAttributes = {
					ACF391E71D76C33E00FE1110 = {
						CreatedOnToolsVersion = 7.2.1;
					};
					ACF392001D76C33E00FE1110 = {
						CreatedOnToolsVersion = 7.2.1;
						TestTargetID = ACF391E71D76C33E00FE1110;
					};
					ACF3920B1D76C33E00FE1110 = {
						CreatedOnToolsVersion = 7.2.1;
						TestTargetID = ACF391E71D76C33E00FE1110;
					};
				};
			};
			buildConfigurationList = ACF391E31D76C33E00FE1110 /* Build configuration list for PBXProject "GPText" */;
			compatibilityVersion = "Xcode 3.2";
			developmentRegion = English;
			hasScannedForEncodings = 0;
			knownRegions = (
				en,
				Base,
			);
			mainGroup = ACF391DF1D76C33E00FE1110;
			productRefGroup = ACF391E91D76C33E00FE1110 /* Products */;
			projectDirPath = "";
			projectRoot = "";
			targets = (
				ACF391E71D76C33E00FE1110 /* GPText */,
				ACF392001D76C33E00FE1110 /* GPTextTests */,
				ACF3920B1D76C33E00FE1110 /* GPTextUITests */,
			);
		};
/* End PBXProject section */

/* Begin PBXResourcesBuildPhase section */
		ACF391E61D76C33E00FE1110 /* Resources */ = {
			isa = PBXResourcesBuildPhase;
			buildActionMask = 2147483647;
			files = (
				ACF3923E1D77BCCD00FE1110 /* GPAttributeViewController.storyboard in Resources */,
				ACF3923C1D76E3CB00FE1110 /* GPHeightViewController.storyboard in Resources */,
				ACF391FB1D76C33E00FE1110 /* LaunchScreen.storyboard in Resources */,
				ACF391F81D76C33E00FE1110 /* Assets.xcassets in Resources */,
				ACF391F61D76C33E00FE1110 /* Main.storyboard in Resources */,
			);
			runOnlyForDeploymentPostprocessing = 0;
		};
		ACF391FF1D76C33E00FE1110 /* Resources */ = {
			isa = PBXResourcesBuildPhase;
			buildActionMask = 2147483647;
			files = (
			);
			runOnlyForDeploymentPostprocessing = 0;
		};
		ACF3920A1D76C33E00FE1110 /* Resources */ = {
			isa = PBXResourcesBuildPhase;
			buildActionMask = 2147483647;
			files = (
			);
			runOnlyForDeploymentPostprocessing = 0;
		};
/* End PBXResourcesBuildPhase section */

/* Begin PBXSourcesBuildPhase section */
		ACF391E41D76C33E00FE1110 /* Sources */ = {
			isa = PBXSourcesBuildPhase;
			buildActionMask = 2147483647;
			files = (
				ACF3923A1D76E3C000FE1110 /* GPHeightViewController.m in Sources */,
				ACF392421D77C6EB00FE1110 /* GPAPPViewController.m in Sources */,
				ACF392251D76C77600FE1110 /* GPAttributeViewController.m in Sources */,
				ACF391F31D76C33E00FE1110 /* ViewController.m in Sources */,
				ACF391F01D76C33E00FE1110 /* AppDelegate.m in Sources */,
				ACF391ED1D76C33E00FE1110 /* main.m in Sources */,
			);
			runOnlyForDeploymentPostprocessing = 0;
		};
		ACF391FD1D76C33E00FE1110 /* Sources */ = {
			isa = PBXSourcesBuildPhase;
			buildActionMask = 2147483647;
			files = (
				ACF392061D76C33E00FE1110 /* GPTextTests.m in Sources */,
			);
			runOnlyForDeploymentPostprocessing = 0;
		};
		ACF392081D76C33E00FE1110 /* Sources */ = {
			isa = PBXSourcesBuildPhase;
			buildActionMask = 2147483647;
			files = (
				ACF392111D76C33E00FE1110 /* GPTextUITests.m in Sources */,
			);
			runOnlyForDeploymentPostprocessing = 0;
		};
/* End PBXSourcesBuildPhase section */

/* Begin PBXTargetDependency section */
		ACF392031D76C33E00FE1110 /* PBXTargetDependency */ = {
			isa = PBXTargetDependency;
			target = ACF391E71D76C33E00FE1110 /* GPText */;
			targetProxy = ACF392021D76C33E00FE1110 /* PBXContainerItemProxy */;
		};
		ACF3920E1D76C33E00FE1110 /* PBXTargetDependency */ = {
			isa = PBXTargetDependency;
			target = ACF391E71D76C33E00FE1110 /* GPText */;
			targetProxy = ACF3920D1D76C33E00FE1110 /* PBXContainerItemProxy */;
		};
/* End PBXTargetDependency section */

/* Begin PBXVariantGroup section */
		ACF391F41D76C33E00FE1110 /* Main.storyboard */ = {
			isa = PBXVariantGroup;
			children = (
				ACF391F51D76C33E00FE1110 /* Base */,
			);
			name = Main.storyboard;
			sourceTree = "<group>";
		};
		ACF391F91D76C33E00FE1110 /* LaunchScreen.storyboard */ = {
			isa = PBXVariantGroup;
			children = (
				ACF391FA1D76C33E00FE1110 /* Base */,
			);
			name = LaunchScreen.storyboard;
			sourceTree = "<group>";
		};
/* End PBXVariantGroup section */

/* Begin XCBuildConfiguration section */
		ACF392131D76C33E00FE1110 /* Debug */ = {
			isa = XCBuildConfiguration;
			buildSettings = {
				ALWAYS_SEARCH_USER_PATHS = NO;
				CLANG_CXX_LANGUAGE_STANDARD = "gnu++0x";
				CLANG_CXX_LIBRARY = "libc++";
				CLANG_ENABLE_MODULES = YES;
				CLANG_ENABLE_OBJC_ARC = YES;
				CLANG_WARN_BOOL_CONVERSION = YES;
				CLANG_WARN_CONSTANT_CONVERSION = YES;
				CLANG_WARN_DIRECT_OBJC_ISA_USAGE = YES_ERROR;
				CLANG_WARN_EMPTY_BODY = YES;
				CLANG_WARN_ENUM_CONVERSION = YES;
				CLANG_WARN_INT_CONVERSION = YES;
				CLANG_WARN_OBJC_ROOT_CLASS = YES_ERROR;
				CLANG_WARN_UNREACHABLE_CODE = YES;
				CLANG_WARN__DUPLICATE_METHOD_MATCH = YES;
				"CODE_SIGN_IDENTITY[sdk=iphoneos*]" = "iPhone Developer";
				COPY_PHASE_STRIP = NO;
				DEBUG_INFORMATION_FORMAT = dwarf;
				ENABLE_STRICT_OBJC_MSGSEND = YES;
				ENABLE_TESTABILITY = YES;
				GCC_C_LANGUAGE_STANDARD = gnu99;
				GCC_DYNAMIC_NO_PIC = NO;
				GCC_NO_COMMON_BLOCKS = YES;
				GCC_OPTIMIZATION_LEVEL = 0;
				GCC_PREPROCESSOR_DEFINITIONS = (
					"DEBUG=1",
					"$(inherited)",
				);
				GCC_WARN_64_TO_32_BIT_CONVERSION = YES;
				GCC_WARN_ABOUT_RETURN_TYPE = YES_ERROR;
				GCC_WARN_UNDECLARED_SELECTOR = YES;
				GCC_WARN_UNINITIALIZED_AUTOS = YES_AGGRESSIVE;
				GCC_WARN_UNUSED_FUNCTION = YES;
				GCC_WARN_UNUSED_VARIABLE = YES;
				IPHONEOS_DEPLOYMENT_TARGET = 9.2;
				MTL_ENABLE_DEBUG_INFO = YES;
				ONLY_ACTIVE_ARCH = YES;
				SDKROOT = iphoneos;
				TARGETED_DEVICE_FAMILY = "1,2";
			};
			name = Debug;
		};
		ACF392141D76C33E00FE1110 /* Release */ = {
			isa = XCBuildConfiguration;
			buildSettings = {
				ALWAYS_SEARCH_USER_PATHS = NO;
				CLANG_CXX_LANGUAGE_STANDARD = "gnu++0x";
				CLANG_CXX_LIBRARY = "libc++";
				CLANG_ENABLE_MODULES = YES;
				CLANG_ENABLE_OBJC_ARC = YES;
				CLANG_WARN_BOOL_CONVERSION = YES;
				CLANG_WARN_CONSTANT_CONVERSION = YES;
				CLANG_WARN_DIRECT_OBJC_ISA_USAGE = YES_ERROR;
				CLANG_WARN_EMPTY_BODY = YES;
				CLANG_WARN_ENUM_CONVERSION = YES;
				CLANG_WARN_INT_CONVERSION = YES;
				CLANG_WARN_OBJC_ROOT_CLASS = YES_ERROR;
				CLANG_WARN_UNREACHABLE_CODE = YES;
				CLANG_WARN__DUPLICATE_METHOD_MATCH = YES;
				"CODE_SIGN_IDENTITY[sdk=iphoneos*]" = "iPhone Developer";
				COPY_PHASE_STRIP = NO;
				DEBUG_INFORMATION_FORMAT = "dwarf-with-dsym";
				ENABLE_NS_ASSERTIONS = NO;
				ENABLE_STRICT_OBJC_MSGSEND = YES;
				GCC_C_LANGUAGE_STANDARD = gnu99;
				GCC_NO_COMMON_BLOCKS = YES;
				GCC_WARN_64_TO_32_BIT_CONVERSION = YES;
				GCC_WARN_ABOUT_RETURN_TYPE = YES_ERROR;
				GCC_WARN_UNDECLARED_SELECTOR = YES;
				GCC_WARN_UNINITIALIZED_AUTOS = YES_AGGRESSIVE;
				GCC_WARN_UNUSED_FUNCTION = YES;
				GCC_WARN_UNUSED_VARIABLE = YES;
				IPHONEOS_DEPLOYMENT_TARGET = 9.2;
				MTL_ENABLE_DEBUG_INFO = NO;
				SDKROOT = iphoneos;
				TARGETED_DEVICE_FAMILY = "1,2";
				VALIDATE_PRODUCT = YES;
			};
			name = Release;
		};
		ACF392161D76C33E00FE1110 /* Debug */ = {
			isa = XCBuildConfiguration;
			buildSettings = {
				ASSETCATALOG_COMPILER_APPICON_NAME = AppIcon;
				INFOPLIST_FILE = GPText/Info.plist;
				LD_RUNPATH_SEARCH_PATHS = "$(inherited) @executable_path/Frameworks";
				PRODUCT_BUNDLE_IDENTIFIER = GPYY.com.GPText;
				PRODUCT_NAME = "$(TARGET_NAME)";
			};
			name = Debug;
		};
		ACF392171D76C33E00FE1110 /* Release */ = {
			isa = XCBuildConfiguration;
			buildSettings = {
				ASSETCATALOG_COMPILER_APPICON_NAME = AppIcon;
				INFOPLIST_FILE = GPText/Info.plist;
				LD_RUNPATH_SEARCH_PATHS = "$(inherited) @executable_path/Frameworks";
				PRODUCT_BUNDLE_IDENTIFIER = GPYY.com.GPText;
				PRODUCT_NAME = "$(TARGET_NAME)";
			};
			name = Release;
		};
		ACF392191D76C33E00FE1110 /* Debug */ = {
			isa = XCBuildConfiguration;
			buildSettings = {
				BUNDLE_LOADER = "$(TEST_HOST)";
				INFOPLIST_FILE = GPTextTests/Info.plist;
				LD_RUNPATH_SEARCH_PATHS = "$(inherited) @executable_path/Frameworks @loader_path/Frameworks";
				PRODUCT_BUNDLE_IDENTIFIER = GPYY.com.GPTextTests;
				PRODUCT_NAME = "$(TARGET_NAME)";
				TEST_HOST = "$(BUILT_PRODUCTS_DIR)/GPText.app/GPText";
			};
			name = Debug;
		};
		ACF3921A1D76C33E00FE1110 /* Release */ = {
			isa = XCBuildConfiguration;
			buildSettings = {
				BUNDLE_LOADER = "$(TEST_HOST)";
				INFOPLIST_FILE = GPTextTests/Info.plist;
				LD_RUNPATH_SEARCH_PATHS = "$(inherited) @executable_path/Frameworks @loader_path/Frameworks";
				PRODUCT_BUNDLE_IDENTIFIER = GPYY.com.GPTextTests;
				PRODUCT_NAME = "$(TARGET_NAME)";
				TEST_HOST = "$(BUILT_PRODUCTS_DIR)/GPText.app/GPText";
			};
			name = Release;
		};
		ACF3921C1D76C33E00FE1110 /* Debug */ = {
			isa = XCBuildConfiguration;
			buildSettings = {
				INFOPLIST_FILE = GPTextUITests/Info.plist;
				LD_RUNPATH_SEARCH_PATHS = "$(inherited) @executable_path/Frameworks @loader_path/Frameworks";
				PRODUCT_BUNDLE_IDENTIFIER = GPYY.com.GPTextUITests;
				PRODUCT_NAME = "$(TARGET_NAME)";
				TEST_TARGET_NAME = GPText;
				USES_XCTRUNNER = YES;
			};
			name = Debug;
		};
		ACF3921D1D76C33E00FE1110 /* Release */ = {
			isa = XCBuildConfiguration;
			buildSettings = {
				INFOPLIST_FILE = GPTextUITests/Info.plist;
				LD_RUNPATH_SEARCH_PATHS = "$(inherited) @executable_path/Frameworks @loader_path/Frameworks";
				PRODUCT_BUNDLE_IDENTIFIER = GPYY.com.GPTextUITests;
				PRODUCT_NAME = "$(TARGET_NAME)";
				TEST_TARGET_NAME = GPText;
				USES_XCTRUNNER = YES;
			};
			name = Release;
		};
/* End XCBuildConfiguration section */

/* Begin XCConfigurationList section */
		ACF391E31D76C33E00FE1110 /* Build configuration list for PBXProject "GPText" */ = {
			isa = XCConfigurationList;
			buildConfigurations = (
				ACF392131D76C33E00FE1110 /* Debug */,
				ACF392141D76C33E00FE1110 /* Release */,
			);
			defaultConfigurationIsVisible = 0;
			defaultConfigurationName = Release;
		};
		ACF392151D76C33E00FE1110 /* Build configuration list for PBXNativeTarget "GPText" */ = {
			isa = XCConfigurationList;
			buildConfigurations = (
				ACF392161D76C33E00FE1110 /* Debug */,
				ACF392171D76C33E00FE1110 /* Release */,
			);
			defaultConfigurationIsVisible = 0;
		};
		ACF392181D76C33E00FE1110 /* Build configuration list for PBXNativeTarget "GPTextTests" */ = {
			isa = XCConfigurationList;
			buildConfigurations = (
				ACF392191D76C33E00FE1110 /* Debug */,
				ACF3921A1D76C33E00FE1110 /* Release */,
			);
			defaultConfigurationIsVisible = 0;
		};
		ACF3921B1D76C33E00FE1110 /* Build configuration list for PBXNativeTarget "GPTextUITests" */ = {
			isa = XCConfigurationList;
			buildConfigurations = (
				ACF3921C1D76C33E00FE1110 /* Debug */,
				ACF3921D1D76C33E00FE1110 /* Release */,
			);
			defaultConfigurationIsVisible = 0;
		};
/* End XCConfigurationList section */
	};
	rootObject = ACF391E01D76C33E00FE1110 /* Project object */;
}
